# THIS IS AN AUTOGENERATED FILE. DO NOT EDIT THIS FILE DIRECTLY.
# yarn lockfile v1


three@^0.171.0:
  version "0.171.0"
  resolved "https://registry.yarnpkg.com/three/-/three-0.171.0.tgz#3c0dd3f8fa14e78a7f8db6e416b98f264f1185c0"
  integrity sha512-Y/lAXPaKZPcEdkKjh0JOAHVv8OOnv/NDJqm0wjfCzyQmfKxV7zvkwsnBgPBKTzJHToSOhRGQAGbPJObT59B/PQ==
